
Microsoft Visual Studio Solution File, Format Version 12.00
# Visual Studio Version 17
VisualStudioVersion = 17.14.36429.23
MinimumVisualStudioVersion = 10.0.40219.1
Project("{2150E333-8FDC-42A3-9474-1A3956D46DE8}") = "Task4", "Task4", "{02EA681E-C7D8-13C7-8484-4AC65E1B71E8}"
EndProject
Project("{FAE04EC0-301F-11D3-BF4B-00C04F79EFBC}") = "Tyuiu.ShelomentsevYA.Sprint3.Task4.V6.Test", "Tyuiu.ShelomentsevYA.Sprint3.Task4.V6.Test\Tyuiu.ShelomentsevYA.Sprint3.Task4.V6.Test.csproj", "{2251A88D-DE27-43EA-85B4-6A0D559899DA}"
EndProject
Project("{FAE04EC0-301F-11D3-BF4B-00C04F79EFBC}") = "Tyuiu.ShelomentsevYA.Sprint3.Task4.V6.Lib", "Tyuiu.ShelomentsevYA.Sprint3.Task4.V6.Lib\Tyuiu.ShelomentsevYA.Sprint3.Task4.V6.Lib.csproj", "{C40E01F5-9999-47A7-92C5-FA0586B93A4F}"
EndProject
Project("{FAE04EC0-301F-11D3-BF4B-00C04F79EFBC}") = "Tyuiu.ShelomentsevYA.Sprint3.Task4.V6", "Tyuiu.ShelomentsevYA.Sprint3.Task4.V6\Tyuiu.ShelomentsevYA.Sprint3.Task4.V6.csproj", "{5C89AF09-E986-4AB8-8DEB-52A2C49D8E1E}"
EndProject
Project("{2150E333-8FDC-42A3-9474-1A3956D46DE8}") = "Task5", "Task5", "{2D863495-715C-4CAF-AF94-9A191724B686}"
EndProject
Project("{FAE04EC0-301F-11D3-BF4B-00C04F79EFBC}") = "Tyuiu.ShelomentsevYA.Sprint3.Task5.V14", "Tyuiu.ShelomentsevYA.Sprint3.Task5.V14\Tyuiu.ShelomentsevYA.Sprint3.Task5.V14.csproj", "{9896E15A-07F0-4698-9FF1-F2171B563560}"
EndProject
Project("{FAE04EC0-301F-11D3-BF4B-00C04F79EFBC}") = "Tyuiu.ShelomentsevYA.Sprint3.Task5.V14.Lib", "Tyuiu.ShelomentsevYA.Sprint3.Task5.V14.Lib\Tyuiu.ShelomentsevYA.Sprint3.Task5.V14.Lib.csproj", "{F5292A66-3350-4D3F-B515-E2A3B14E272B}"
EndProject
Project("{FAE04EC0-301F-11D3-BF4B-00C04F79EFBC}") = "Tyuiu.ShelomentsevYA.Sprint3.Task5.V14.Test", "Tyuiu.ShelomentsevYA.Sprint3.Task5.V14.Test\Tyuiu.ShelomentsevYA.Sprint3.Task5.V14.Test.csproj", "{F8F0C947-CE08-4A9E-9411-1928A222272A}"
EndProject
Project("{2150E333-8FDC-42A3-9474-1A3956D46DE8}") = "Task6", "Task6", "{9F85E25E-2038-4101-9A61-E0E290F65F73}"
EndProject
Project("{FAE04EC0-301F-11D3-BF4B-00C04F79EFBC}") = "Tyuiu.ShelomentsevYA.Sprint3.Task6.V12.Test", "Tyuiu.ShelomentsevYA.Sprint3.Task6.V12.Test\Tyuiu.ShelomentsevYA.Sprint3.Task6.V12.Test.csproj", "{7558F4D0-5D49-4DC8-8D80-37825A15C521}"
EndProject
Project("{FAE04EC0-301F-11D3-BF4B-00C04F79EFBC}") = "Tyuiu.ShelomentsevYA.Sprint3.Task6.V12.Lib", "Tyuiu.ShelomentsevYA.Sprint3.Task6.V12.Lib\Tyuiu.ShelomentsevYA.Sprint3.Task6.V12.Lib.csproj", "{50983ADE-FE14-44EA-B32D-C148967ED283}"
EndProject
Project("{FAE04EC0-301F-11D3-BF4B-00C04F79EFBC}") = "Tyuiu.ShelomentsevYA.Sprint3.Task6.V12", "Tyuiu.ShelomentsevYA.Sprint3.Task6.V12\Tyuiu.ShelomentsevYA.Sprint3.Task6.V12.csproj", "{F864E7FD-6F68-4F3D-B24C-81F15E34E083}"
EndProject
Project("{2150E333-8FDC-42A3-9474-1A3956D46DE8}") = "Task7", "Task7", "{677B91E4-0170-42EB-ACBE-097859F91FFB}"
EndProject
Project("{FAE04EC0-301F-11D3-BF4B-00C04F79EFBC}") = "Tyuiu.ShelomentsevYA.Sprint3.Task7.V13", "Tyuiu.ShelomentsevYA.Sprint3.Task7.V13\Tyuiu.ShelomentsevYA.Sprint3.Task7.V13.csproj", "{39386B0D-2D29-4A32-A0F1-85E1650782C9}"
EndProject
Project("{FAE04EC0-301F-11D3-BF4B-00C04F79EFBC}") = "Tyuiu.ShelomentsevYA.Sprint3.Task7.V13.Lib", "Tyuiu.ShelomentsevYA.Sprint3.Task7.V13.Lib\Tyuiu.ShelomentsevYA.Sprint3.Task7.V13.Lib.csproj", "{46C198AF-1E98-4650-9591-DDF11336636E}"
EndProject
Project("{FAE04EC0-301F-11D3-BF4B-00C04F79EFBC}") = "Tyuiu.ShelomentsevYA.Sprint3.Task7.V13.Test", "Tyuiu.ShelomentsevYA.Sprint3.Task7.V13.Test\Tyuiu.ShelomentsevYA.Sprint3.Task7.V13.Test.csproj", "{E595F072-E6C3-460F-BC46-34E5A8FA672F}"
EndProject
Global
	GlobalSection(SolutionConfigurationPlatforms) = preSolution
		Debug|Any CPU = Debug|Any CPU
		Release|Any CPU = Release|Any CPU
	EndGlobalSection
	GlobalSection(ProjectConfigurationPlatforms) = postSolution
		{2251A88D-DE27-43EA-85B4-6A0D559899DA}.Debug|Any CPU.ActiveCfg = Debug|Any CPU
		{2251A88D-DE27-43EA-85B4-6A0D559899DA}.Debug|Any CPU.Build.0 = Debug|Any CPU
		{2251A88D-DE27-43EA-85B4-6A0D559899DA}.Release|Any CPU.ActiveCfg = Release|Any CPU
		{2251A88D-DE27-43EA-85B4-6A0D559899DA}.Release|Any CPU.Build.0 = Release|Any CPU
		{C40E01F5-9999-47A7-92C5-FA0586B93A4F}.Debug|Any CPU.ActiveCfg = Debug|Any CPU
		{C40E01F5-9999-47A7-92C5-FA0586B93A4F}.Debug|Any CPU.Build.0 = Debug|Any CPU
		{C40E01F5-9999-47A7-92C5-FA0586B93A4F}.Release|Any CPU.ActiveCfg = Release|Any CPU
		{C40E01F5-9999-47A7-92C5-FA0586B93A4F}.Release|Any CPU.Build.0 = Release|Any CPU
		{5C89AF09-E986-4AB8-8DEB-52A2C49D8E1E}.Debug|Any CPU.ActiveCfg = Debug|Any CPU
		{5C89AF09-E986-4AB8-8DEB-52A2C49D8E1E}.Debug|Any CPU.Build.0 = Debug|Any CPU
		{5C89AF09-E986-4AB8-8DEB-52A2C49D8E1E}.Release|Any CPU.ActiveCfg = Release|Any CPU
		{5C89AF09-E986-4AB8-8DEB-52A2C49D8E1E}.Release|Any CPU.Build.0 = Release|Any CPU
		{9896E15A-07F0-4698-9FF1-F2171B563560}.Debug|Any CPU.ActiveCfg = Debug|Any CPU
		{9896E15A-07F0-4698-9FF1-F2171B563560}.Debug|Any CPU.Build.0 = Debug|Any CPU
		{9896E15A-07F0-4698-9FF1-F2171B563560}.Release|Any CPU.ActiveCfg = Release|Any CPU
		{9896E15A-07F0-4698-9FF1-F2171B563560}.Release|Any CPU.Build.0 = Release|Any CPU
		{F5292A66-3350-4D3F-B515-E2A3B14E272B}.Debug|Any CPU.ActiveCfg = Debug|Any CPU
		{F5292A66-3350-4D3F-B515-E2A3B14E272B}.Debug|Any CPU.Build.0 = Debug|Any CPU
		{F5292A66-3350-4D3F-B515-E2A3B14E272B}.Release|Any CPU.ActiveCfg = Release|Any CPU
		{F5292A66-3350-4D3F-B515-E2A3B14E272B}.Release|Any CPU.Build.0 = Release|Any CPU
		{F8F0C947-CE08-4A9E-9411-1928A222272A}.Debug|Any CPU.ActiveCfg = Debug|Any CPU
		{F8F0C947-CE08-4A9E-9411-1928A222272A}.Debug|Any CPU.Build.0 = Debug|Any CPU
		{F8F0C947-CE08-4A9E-9411-1928A222272A}.Release|Any CPU.ActiveCfg = Release|Any CPU
		{F8F0C947-CE08-4A9E-9411-1928A222272A}.Release|Any CPU.Build.0 = Release|Any CPU
		{7558F4D0-5D49-4DC8-8D80-37825A15C521}.Debug|Any CPU.ActiveCfg = Debug|Any CPU
		{7558F4D0-5D49-4DC8-8D80-37825A15C521}.Debug|Any CPU.Build.0 = Debug|Any CPU
		{7558F4D0-5D49-4DC8-8D80-37825A15C521}.Release|Any CPU.ActiveCfg = Release|Any CPU
		{7558F4D0-5D49-4DC8-8D80-37825A15C521}.Release|Any CPU.Build.0 = Release|Any CPU
		{50983ADE-FE14-44EA-B32D-C148967ED283}.Debug|Any CPU.ActiveCfg = Debug|Any CPU
		{50983ADE-FE14-44EA-B32D-C148967ED283}.Debug|Any CPU.Build.0 = Debug|Any CPU
		{50983ADE-FE14-44EA-B32D-C148967ED283}.Release|Any CPU.ActiveCfg = Release|Any CPU
		{50983ADE-FE14-44EA-B32D-C148967ED283}.Release|Any CPU.Build.0 = Release|Any CPU
		{F864E7FD-6F68-4F3D-B24C-81F15E34E083}.Debug|Any CPU.ActiveCfg = Debug|Any CPU
		{F864E7FD-6F68-4F3D-B24C-81F15E34E083}.Debug|Any CPU.Build.0 = Debug|Any CPU
		{F864E7FD-6F68-4F3D-B24C-81F15E34E083}.Release|Any CPU.ActiveCfg = Release|Any CPU
		{F864E7FD-6F68-4F3D-B24C-81F15E34E083}.Release|Any CPU.Build.0 = Release|Any CPU
		{39386B0D-2D29-4A32-A0F1-85E1650782C9}.Debug|Any CPU.ActiveCfg = Debug|Any CPU
		{39386B0D-2D29-4A32-A0F1-85E1650782C9}.Debug|Any CPU.Build.0 = Debug|Any CPU
		{39386B0D-2D29-4A32-A0F1-85E1650782C9}.Release|Any CPU.ActiveCfg = Release|Any CPU
		{39386B0D-2D29-4A32-A0F1-85E1650782C9}.Release|Any CPU.Build.0 = Release|Any CPU
		{46C198AF-1E98-4650-9591-DDF11336636E}.Debug|Any CPU.ActiveCfg = Debug|Any CPU
		{46C198AF-1E98-4650-9591-DDF11336636E}.Debug|Any CPU.Build.0 = Debug|Any CPU
		{46C198AF-1E98-4650-9591-DDF11336636E}.Release|Any CPU.ActiveCfg = Release|Any CPU
		{46C198AF-1E98-4650-9591-DDF11336636E}.Release|Any CPU.Build.0 = Release|Any CPU
		{E595F072-E6C3-460F-BC46-34E5A8FA672F}.Debug|Any CPU.ActiveCfg = Debug|Any CPU
		{E595F072-E6C3-460F-BC46-34E5A8FA672F}.Debug|Any CPU.Build.0 = Debug|Any CPU
		{E595F072-E6C3-460F-BC46-34E5A8FA672F}.Release|Any CPU.ActiveCfg = Release|Any CPU
		{E595F072-E6C3-460F-BC46-34E5A8FA672F}.Release|Any CPU.Build.0 = Release|Any CPU
	EndGlobalSection
	GlobalSection(SolutionProperties) = preSolution
		HideSolutionNode = FALSE
	EndGlobalSection
	GlobalSection(NestedProjects) = preSolution
		{2251A88D-DE27-43EA-85B4-6A0D559899DA} = {02EA681E-C7D8-13C7-8484-4AC65E1B71E8}
		{C40E01F5-9999-47A7-92C5-FA0586B93A4F} = {02EA681E-C7D8-13C7-8484-4AC65E1B71E8}
		{5C89AF09-E986-4AB8-8DEB-52A2C49D8E1E} = {02EA681E-C7D8-13C7-8484-4AC65E1B71E8}
		{9896E15A-07F0-4698-9FF1-F2171B563560} = {2D863495-715C-4CAF-AF94-9A191724B686}
		{F5292A66-3350-4D3F-B515-E2A3B14E272B} = {2D863495-715C-4CAF-AF94-9A191724B686}
		{F8F0C947-CE08-4A9E-9411-1928A222272A} = {2D863495-715C-4CAF-AF94-9A191724B686}
		{7558F4D0-5D49-4DC8-8D80-37825A15C521} = {9F85E25E-2038-4101-9A61-E0E290F65F73}
		{50983ADE-FE14-44EA-B32D-C148967ED283} = {9F85E25E-2038-4101-9A61-E0E290F65F73}
		{F864E7FD-6F68-4F3D-B24C-81F15E34E083} = {9F85E25E-2038-4101-9A61-E0E290F65F73}
		{39386B0D-2D29-4A32-A0F1-85E1650782C9} = {677B91E4-0170-42EB-ACBE-097859F91FFB}
		{46C198AF-1E98-4650-9591-DDF11336636E} = {677B91E4-0170-42EB-ACBE-097859F91FFB}
		{E595F072-E6C3-460F-BC46-34E5A8FA672F} = {677B91E4-0170-42EB-ACBE-097859F91FFB}
	EndGlobalSection
	GlobalSection(ExtensibilityGlobals) = postSolution
		SolutionGuid = {075BA4BF-B15B-4393-93E1-B56E09394836}
	EndGlobalSection
EndGlobal
